
Microsoft Visual Studio Solution File, Format Version 12.00
# Visual Studio Version 17
VisualStudioVersion = 17.13.35825.156 d17.13
MinimumVisualStudioVersion = 10.0.40219.1
Project("{FAE04EC0-301F-11D3-BF4B-00C04F79EFBC}") = "Calculator", "Calculator.csproj", "{C058E49D-7D02-43D4-AAE3-B2738C3CC1BE}"
EndProject
Project("{FAE04EC0-301F-11D3-BF4B-00C04F79EFBC}") = "Calculator.Tests", "..\Calculator.Tests\Calculator.Tests.csproj", "{6B91D5F4-9465-4392-BEA1-D04C565F3A97}"
EndProject
Global
	GlobalSection(SolutionConfigurationPlatforms) = preSolution
		Debug|Any CPU = Debug|Any CPU
		Release|Any CPU = Release|Any CPU
	EndGlobalSection
	GlobalSection(ProjectConfigurationPlatforms) = postSolution
		{C058E49D-7D02-43D4-AAE3-B2738C3CC1BE}.Debug|Any CPU.ActiveCfg = Debug|Any CPU
		{C058E49D-7D02-43D4-AAE3-B2738C3CC1BE}.Debug|Any CPU.Build.0 = Debug|Any CPU
		{C058E49D-7D02-43D4-AAE3-B2738C3CC1BE}.Release|Any CPU.ActiveCfg = Release|Any CPU
		{C058E49D-7D02-43D4-AAE3-B2738C3CC1BE}.Release|Any CPU.Build.0 = Release|Any CPU
		{6B91D5F4-9465-4392-BEA1-D04C565F3A97}.Debug|Any CPU.ActiveCfg = Debug|Any CPU
		{6B91D5F4-9465-4392-BEA1-D04C565F3A97}.Debug|Any CPU.Build.0 = Debug|Any CPU
		{6B91D5F4-9465-4392-BEA1-D04C565F3A97}.Release|Any CPU.ActiveCfg = Release|Any CPU
		{6B91D5F4-9465-4392-BEA1-D04C565F3A97}.Release|Any CPU.Build.0 = Release|Any CPU
	EndGlobalSection
	GlobalSection(SolutionProperties) = preSolution
		HideSolutionNode = FALSE
	EndGlobalSection
	GlobalSection(ExtensibilityGlobals) = postSolution
		SolutionGuid = {880B20A2-6876-494C-83C4-7B17DF077E6C}
	EndGlobalSection
EndGlobal
